
Microsoft Visual Studio Solution File, Format Version 12.00
# Visual Studio Version 17
VisualStudioVersion = 17.14.36811.4
MinimumVisualStudioVersion = 10.0.40219.1
Project("{FAE04EC0-301F-11D3-BF4B-00C04F79EFBC}") = "CorePulse.Shared", "CorePulse.Shared\CorePulse.Shared.csproj", "{E7BD5B6A-28D5-40C3-8E0A-D08FEA2A27E2}"
EndProject
Project("{FAE04EC0-301F-11D3-BF4B-00C04F79EFBC}") = "CorePulse.Server", "CorePulse.Server\CorePulse.Server.csproj", "{2CB7FBD2-3BA8-4568-9AFA-37CF5A8FD47C}"
EndProject
Project("{FAE04EC0-301F-11D3-BF4B-00C04F79EFBC}") = "CorePulse.Client", "CorePulse.Client\CorePulse.Client.csproj", "{0526FE50-9462-464E-871F-3817E7EB9659}"
EndProject
Global
	GlobalSection(SolutionConfigurationPlatforms) = preSolution
		Debug|Any CPU = Debug|Any CPU
		Release|Any CPU = Release|Any CPU
	EndGlobalSection
	GlobalSection(ProjectConfigurationPlatforms) = postSolution
		{E7BD5B6A-28D5-40C3-8E0A-D08FEA2A27E2}.Debug|Any CPU.ActiveCfg = Debug|Any CPU
		{E7BD5B6A-28D5-40C3-8E0A-D08FEA2A27E2}.Debug|Any CPU.Build.0 = Debug|Any CPU
		{E7BD5B6A-28D5-40C3-8E0A-D08FEA2A27E2}.Release|Any CPU.ActiveCfg = Release|Any CPU
		{E7BD5B6A-28D5-40C3-8E0A-D08FEA2A27E2}.Release|Any CPU.Build.0 = Release|Any CPU
		{2CB7FBD2-3BA8-4568-9AFA-37CF5A8FD47C}.Debug|Any CPU.ActiveCfg = Debug|Any CPU
		{2CB7FBD2-3BA8-4568-9AFA-37CF5A8FD47C}.Debug|Any CPU.Build.0 = Debug|Any CPU
		{2CB7FBD2-3BA8-4568-9AFA-37CF5A8FD47C}.Release|Any CPU.ActiveCfg = Release|Any CPU
		{2CB7FBD2-3BA8-4568-9AFA-37CF5A8FD47C}.Release|Any CPU.Build.0 = Release|Any CPU
		{0526FE50-9462-464E-871F-3817E7EB9659}.Debug|Any CPU.ActiveCfg = Debug|Any CPU
		{0526FE50-9462-464E-871F-3817E7EB9659}.Debug|Any CPU.Build.0 = Debug|Any CPU
		{0526FE50-9462-464E-871F-3817E7EB9659}.Release|Any CPU.ActiveCfg = Release|Any CPU
		{0526FE50-9462-464E-871F-3817E7EB9659}.Release|Any CPU.Build.0 = Release|Any CPU
	EndGlobalSection
	GlobalSection(SolutionProperties) = preSolution
		HideSolutionNode = FALSE
	EndGlobalSection
	GlobalSection(ExtensibilityGlobals) = postSolution
		SolutionGuid = {B99E26EE-A91C-47AB-BC89-42EC345E7974}
	EndGlobalSection
EndGlobal
